
Microsoft Visual Studio Solution File, Format Version 12.00
# Visual Studio Version 17
VisualStudioVersion = 17.14.36221.1 d17.14
MinimumVisualStudioVersion = 10.0.40219.1
Project("{FAE04EC0-301F-11D3-BF4B-00C04F79EFBC}") = "app", "app.csproj", "{D525BF1D-64C8-45C4-9620-E908F0C9EA02}"
EndProject
Global
	GlobalSection(SolutionConfigurationPlatforms) = preSolution
		Debug|Any CPU = Debug|Any CPU
		Release|Any CPU = Release|Any CPU
	EndGlobalSection
	GlobalSection(ProjectConfigurationPlatforms) = postSolution
		{D525BF1D-64C8-45C4-9620-E908F0C9EA02}.Debug|Any CPU.ActiveCfg = Debug|Any CPU
		{D525BF1D-64C8-45C4-9620-E908F0C9EA02}.Debug|Any CPU.Build.0 = Debug|Any CPU
		{D525BF1D-64C8-45C4-9620-E908F0C9EA02}.Release|Any CPU.ActiveCfg = Release|Any CPU
		{D525BF1D-64C8-45C4-9620-E908F0C9EA02}.Release|Any CPU.Build.0 = Release|Any CPU
	EndGlobalSection
	GlobalSection(SolutionProperties) = preSolution
		HideSolutionNode = FALSE
	EndGlobalSection
	GlobalSection(ExtensibilityGlobals) = postSolution
		SolutionGuid = {FEB00F64-946D-4025-AF26-C3E9C6166DC7}
	EndGlobalSection
EndGlobal
